schema: '2.0'
stages:
  data_ingestion:
    cmd: python src/cnnClassifier/pipeline/stage_01_data_ingestion.py
    deps:
    - path: config/config.yaml
      hash: md5
      md5: 1600750103b6eaaf644790553262a680
      size: 580
    - path: src/cnnClassifier/pipeline/stage_01_data_ingestion.py
      hash: md5
      md5: 132b23217d4fcd88177d233997415866
      size: 905
    outs:
    - path: artifacts/data_ingestion/Chest-CT-Scan-data
      hash: md5
      md5: 904fa45d934ce879b3b1933dca6cb2f1.dir
      size: 49247431
      nfiles: 343
  prepare_base_model:
    cmd: python src/cnnClassifier/pipeline/stage_02_prepare_base_model.py
    deps:
    - path: config/config.yaml
      hash: md5
      md5: 1600750103b6eaaf644790553262a680
      size: 580
    - path: src/cnnClassifier/pipeline/stage_02_prepare_base_model.py
      hash: md5
      md5: 7aa8b9fa8e22db486dc35565b44bed1d
      size: 1030
    params:
      params.yaml:
        CLASSES: 2
        IMAGE_SIZE:
        - 224
        - 224
        - 3
        INCLUDE_TOP: false
        LEARNING_RATE: 0.01
        WEIGHTS: imagenet
    outs:
    - path: artifacts/prepare_base_model
      hash: md5
      md5: 7f6eebab9e7161bce0dea13feebe7667.dir
      size: 118054560
      nfiles: 2
  training:
    cmd: python src/cnnClassifier/pipeline/stage_03_model_trainer.py
    deps:
    - path: artifacts/data_ingestion/Chest-CT-Scan-data
      hash: md5
      md5: 904fa45d934ce879b3b1933dca6cb2f1.dir
      size: 49247431
      nfiles: 343
    - path: artifacts/prepare_base_model
      hash: md5
      md5: 7f6eebab9e7161bce0dea13feebe7667.dir
      size: 118054560
      nfiles: 2
    - path: config/config.yaml
      hash: md5
      md5: 1600750103b6eaaf644790553262a680
      size: 580
    - path: src/cnnClassifier/pipeline/stage_03_model_trainer.py
      hash: md5
      md5: 6ec55f3955b9ecfe917352556b68fe5e
      size: 926
    params:
      params.yaml:
        AUGMENTATION: true
        BATCH_SIZE: 16
        EPOCHS: 3
        IMAGE_SIZE:
        - 224
        - 224
        - 3
    outs:
    - path: artifacts/training/model.h5
      hash: md5
      md5: ec5be860c5b831eb7a7bd390524a49ed
      size: 59337520
  evaluation:
    cmd: python src/cnnClassifier/pipeline/stage_04_model_evaluation.py
    deps:
    - path: artifacts/data_ingestion/Chest-CT-Scan-data
      hash: md5
      md5: 904fa45d934ce879b3b1933dca6cb2f1.dir
      size: 49247431
      nfiles: 343
    - path: artifacts/training/model.h5
      hash: md5
      md5: ec5be860c5b831eb7a7bd390524a49ed
      size: 59337520
    - path: config/config.yaml
      hash: md5
      md5: 1600750103b6eaaf644790553262a680
      size: 580
    - path: src/cnnClassifier/pipeline/stage_04_model_evaluation.py
      hash: md5
      md5: 9ce579fb6a6200174bf60daf7255d36e
      size: 918
    params:
      params.yaml:
        BATCH_SIZE: 16
        IMAGE_SIZE:
        - 224
        - 224
        - 3
    outs:
    - path: scores.json
      hash: md5
      md5: 305f93a578c491d6ffe5fd0013e4a0cd
      size: 74
